
Microsoft Visual Studio Solution File, Format Version 12.00
# Visual Studio Version 16
VisualStudioVersion = 16.0.32929.386
MinimumVisualStudioVersion = 10.0.40219.1
Project("{FAE04EC0-301F-11D3-BF4B-00C04F79EFBC}") = "TicTacToe", "TicTacToe.csproj", "{B8D33D11-5FC9-4410-BF42-A4ADFE926230}"
EndProject
Global
	GlobalSection(SolutionConfigurationPlatforms) = preSolution
		Debug|Any CPU = Debug|Any CPU
		Release|Any CPU = Release|Any CPU
	EndGlobalSection
	GlobalSection(ProjectConfigurationPlatforms) = postSolution
		{B8D33D11-5FC9-4410-BF42-A4ADFE926230}.Debug|Any CPU.ActiveCfg = Debug|Any CPU
		{B8D33D11-5FC9-4410-BF42-A4ADFE926230}.Debug|Any CPU.Build.0 = Debug|Any CPU
		{B8D33D11-5FC9-4410-BF42-A4ADFE926230}.Release|Any CPU.ActiveCfg = Release|Any CPU
		{B8D33D11-5FC9-4410-BF42-A4ADFE926230}.Release|Any CPU.Build.0 = Release|Any CPU
	EndGlobalSection
	GlobalSection(SolutionProperties) = preSolution
		HideSolutionNode = FALSE
	EndGlobalSection
	GlobalSection(ExtensibilityGlobals) = postSolution
		SolutionGuid = {F26039C9-EDA4-4951-B9D6-2B6033302A55}
	EndGlobalSection
EndGlobal
